
Microsoft Visual Studio Solution File, Format Version 12.00
# Visual Studio 15
VisualStudioVersion = 15.0.25618.0
MinimumVisualStudioVersion = 10.0.40219.1
Project("{FAE04EC0-301F-11D3-BF4B-00C04F79EFBC}") = "SRFS.IO", "SRFS.IO\SRFS.IO.csproj", "{9908B8E2-3202-437E-ADCF-3DB94C81A2B6}"
EndProject
Project("{FAE04EC0-301F-11D3-BF4B-00C04F79EFBC}") = "Blocks.Windows", "Blocks.Windows\Blocks.Windows.csproj", "{63C2F819-55B1-4E94-98D8-2E91C41D857A}"
EndProject
Project("{FAE04EC0-301F-11D3-BF4B-00C04F79EFBC}") = "SRFS.Model", "SRFS.Model\SRFS.Model.csproj", "{A6833BEF-FE1E-43AC-923D-7ABF4871C566}"
EndProject
Project("{FAE04EC0-301F-11D3-BF4B-00C04F79EFBC}") = "SRFS.Tests.Model", "SRFS.Tests.Model\SRFS.Tests.Model.csproj", "{443CD6AE-EEE7-451A-A5B5-684F9C0BCCC1}"
EndProject
Project("{FAE04EC0-301F-11D3-BF4B-00C04F79EFBC}") = "Blocks.CommandLine", "Blocks.CommandLine\Blocks.CommandLine.csproj", "{B990D7F6-38D0-4157-827D-1FF4522390BF}"
EndProject
Project("{FAE04EC0-301F-11D3-BF4B-00C04F79EFBC}") = "SRFS", "SRFS\SRFS.csproj", "{49993079-416F-4C60-BFE4-F945DA5465D4}"
EndProject
Project("{FAE04EC0-301F-11D3-BF4B-00C04F79EFBC}") = "SRFS.ReedSolomon", "SRFS.ReedSolomon\SRFS.ReedSolomon.csproj", "{6936D10E-277F-4B73-AD38-683D523C6C1B}"
EndProject
Project("{8BC9CEB8-8B4A-11D0-8D11-00A0C91BC942}") = "ReedSolomon", "ReedSolomon2\ReedSolomon2.vcxproj", "{E94FF6B7-F3EB-4664-A2D3-2B2ADCA439D2}"
EndProject
Project("{FAE04EC0-301F-11D3-BF4B-00C04F79EFBC}") = "SRFS.Tests.ReedSolomon", "SRFS.Tests.ReedSolomon\SRFS.Tests.ReedSolomon.csproj", "{AF2BEB8C-A6AE-4BDE-86C0-227BB8505439}"
	ProjectSection(ProjectDependencies) = postProject
		{E94FF6B7-F3EB-4664-A2D3-2B2ADCA439D2} = {E94FF6B7-F3EB-4664-A2D3-2B2ADCA439D2}
	EndProjectSection
EndProject
Project("{FAE04EC0-301F-11D3-BF4B-00C04F79EFBC}") = "TrackUtility", "TrackUtility\TrackUtility.csproj", "{1469755F-5960-4647-806C-5744E497F7D8}"
EndProject
Global
	GlobalSection(SolutionConfigurationPlatforms) = preSolution
		Debug|Any CPU = Debug|Any CPU
		Debug|ARM = Debug|ARM
		Debug|x64 = Debug|x64
		Debug|x86 = Debug|x86
		Release|Any CPU = Release|Any CPU
		Release|ARM = Release|ARM
		Release|x64 = Release|x64
		Release|x86 = Release|x86
	EndGlobalSection
	GlobalSection(ProjectConfigurationPlatforms) = postSolution
		{9908B8E2-3202-437E-ADCF-3DB94C81A2B6}.Debug|Any CPU.ActiveCfg = Debug|Any CPU
		{9908B8E2-3202-437E-ADCF-3DB94C81A2B6}.Debug|Any CPU.Build.0 = Debug|Any CPU
		{9908B8E2-3202-437E-ADCF-3DB94C81A2B6}.Debug|ARM.ActiveCfg = Debug|Any CPU
		{9908B8E2-3202-437E-ADCF-3DB94C81A2B6}.Debug|ARM.Build.0 = Debug|Any CPU
		{9908B8E2-3202-437E-ADCF-3DB94C81A2B6}.Debug|x64.ActiveCfg = Debug|Any CPU
		{9908B8E2-3202-437E-ADCF-3DB94C81A2B6}.Debug|x64.Build.0 = Debug|Any CPU
		{9908B8E2-3202-437E-ADCF-3DB94C81A2B6}.Debug|x86.ActiveCfg = Debug|Any CPU
		{9908B8E2-3202-437E-ADCF-3DB94C81A2B6}.Debug|x86.Build.0 = Debug|Any CPU
		{9908B8E2-3202-437E-ADCF-3DB94C81A2B6}.Release|Any CPU.ActiveCfg = Release|Any CPU
		{9908B8E2-3202-437E-ADCF-3DB94C81A2B6}.Release|Any CPU.Build.0 = Release|Any CPU
		{9908B8E2-3202-437E-ADCF-3DB94C81A2B6}.Release|ARM.ActiveCfg = Release|Any CPU
		{9908B8E2-3202-437E-ADCF-3DB94C81A2B6}.Release|ARM.Build.0 = Release|Any CPU
		{9908B8E2-3202-437E-ADCF-3DB94C81A2B6}.Release|x64.ActiveCfg = Release|Any CPU
		{9908B8E2-3202-437E-ADCF-3DB94C81A2B6}.Release|x64.Build.0 = Release|Any CPU
		{9908B8E2-3202-437E-ADCF-3DB94C81A2B6}.Release|x86.ActiveCfg = Release|Any CPU
		{9908B8E2-3202-437E-ADCF-3DB94C81A2B6}.Release|x86.Build.0 = Release|Any CPU
		{63C2F819-55B1-4E94-98D8-2E91C41D857A}.Debug|Any CPU.ActiveCfg = Debug|Any CPU
		{63C2F819-55B1-4E94-98D8-2E91C41D857A}.Debug|Any CPU.Build.0 = Debug|Any CPU
		{63C2F819-55B1-4E94-98D8-2E91C41D857A}.Debug|ARM.ActiveCfg = Debug|Any CPU
		{63C2F819-55B1-4E94-98D8-2E91C41D857A}.Debug|ARM.Build.0 = Debug|Any CPU
		{63C2F819-55B1-4E94-98D8-2E91C41D857A}.Debug|x64.ActiveCfg = Debug|Any CPU
		{63C2F819-55B1-4E94-98D8-2E91C41D857A}.Debug|x64.Build.0 = Debug|Any CPU
		{63C2F819-55B1-4E94-98D8-2E91C41D857A}.Debug|x86.ActiveCfg = Debug|Any CPU
		{63C2F819-55B1-4E94-98D8-2E91C41D857A}.Debug|x86.Build.0 = Debug|Any CPU
		{63C2F819-55B1-4E94-98D8-2E91C41D857A}.Release|Any CPU.ActiveCfg = Release|Any CPU
		{63C2F819-55B1-4E94-98D8-2E91C41D857A}.Release|Any CPU.Build.0 = Release|Any CPU
		{63C2F819-55B1-4E94-98D8-2E91C41D857A}.Release|ARM.ActiveCfg = Release|Any CPU
		{63C2F819-55B1-4E94-98D8-2E91C41D857A}.Release|ARM.Build.0 = Release|Any CPU
		{63C2F819-55B1-4E94-98D8-2E91C41D857A}.Release|x64.ActiveCfg = Release|Any CPU
		{63C2F819-55B1-4E94-98D8-2E91C41D857A}.Release|x64.Build.0 = Release|Any CPU
		{63C2F819-55B1-4E94-98D8-2E91C41D857A}.Release|x86.ActiveCfg = Release|Any CPU
		{63C2F819-55B1-4E94-98D8-2E91C41D857A}.Release|x86.Build.0 = Release|Any CPU
		{A6833BEF-FE1E-43AC-923D-7ABF4871C566}.Debug|Any CPU.ActiveCfg = Debug|Any CPU
		{A6833BEF-FE1E-43AC-923D-7ABF4871C566}.Debug|Any CPU.Build.0 = Debug|Any CPU
		{A6833BEF-FE1E-43AC-923D-7ABF4871C566}.Debug|ARM.ActiveCfg = Debug|Any CPU
		{A6833BEF-FE1E-43AC-923D-7ABF4871C566}.Debug|ARM.Build.0 = Debug|Any CPU
		{A6833BEF-FE1E-43AC-923D-7ABF4871C566}.Debug|x64.ActiveCfg = Debug|Any CPU
		{A6833BEF-FE1E-43AC-923D-7ABF4871C566}.Debug|x64.Build.0 = Debug|Any CPU
		{A6833BEF-FE1E-43AC-923D-7ABF4871C566}.Debug|x86.ActiveCfg = Debug|Any CPU
		{A6833BEF-FE1E-43AC-923D-7ABF4871C566}.Debug|x86.Build.0 = Debug|Any CPU
		{A6833BEF-FE1E-43AC-923D-7ABF4871C566}.Release|Any CPU.ActiveCfg = Release|Any CPU
		{A6833BEF-FE1E-43AC-923D-7ABF4871C566}.Release|Any CPU.Build.0 = Release|Any CPU
		{A6833BEF-FE1E-43AC-923D-7ABF4871C566}.Release|ARM.ActiveCfg = Release|Any CPU
		{A6833BEF-FE1E-43AC-923D-7ABF4871C566}.Release|ARM.Build.0 = Release|Any CPU
		{A6833BEF-FE1E-43AC-923D-7ABF4871C566}.Release|x64.ActiveCfg = Release|Any CPU
		{A6833BEF-FE1E-43AC-923D-7ABF4871C566}.Release|x64.Build.0 = Release|Any CPU
		{A6833BEF-FE1E-43AC-923D-7ABF4871C566}.Release|x86.ActiveCfg = Release|Any CPU
		{A6833BEF-FE1E-43AC-923D-7ABF4871C566}.Release|x86.Build.0 = Release|Any CPU
		{443CD6AE-EEE7-451A-A5B5-684F9C0BCCC1}.Debug|Any CPU.ActiveCfg = Debug|Any CPU
		{443CD6AE-EEE7-451A-A5B5-684F9C0BCCC1}.Debug|Any CPU.Build.0 = Debug|Any CPU
		{443CD6AE-EEE7-451A-A5B5-684F9C0BCCC1}.Debug|ARM.ActiveCfg = Debug|Any CPU
		{443CD6AE-EEE7-451A-A5B5-684F9C0BCCC1}.Debug|ARM.Build.0 = Debug|Any CPU
		{443CD6AE-EEE7-451A-A5B5-684F9C0BCCC1}.Debug|x64.ActiveCfg = Debug|Any CPU
		{443CD6AE-EEE7-451A-A5B5-684F9C0BCCC1}.Debug|x64.Build.0 = Debug|Any CPU
		{443CD6AE-EEE7-451A-A5B5-684F9C0BCCC1}.Debug|x86.ActiveCfg = Debug|Any CPU
		{443CD6AE-EEE7-451A-A5B5-684F9C0BCCC1}.Debug|x86.Build.0 = Debug|Any CPU
		{443CD6AE-EEE7-451A-A5B5-684F9C0BCCC1}.Release|Any CPU.ActiveCfg = Release|Any CPU
		{443CD6AE-EEE7-451A-A5B5-684F9C0BCCC1}.Release|Any CPU.Build.0 = Release|Any CPU
		{443CD6AE-EEE7-451A-A5B5-684F9C0BCCC1}.Release|ARM.ActiveCfg = Release|Any CPU
		{443CD6AE-EEE7-451A-A5B5-684F9C0BCCC1}.Release|ARM.Build.0 = Release|Any CPU
		{443CD6AE-EEE7-451A-A5B5-684F9C0BCCC1}.Release|x64.ActiveCfg = Release|Any CPU
		{443CD6AE-EEE7-451A-A5B5-684F9C0BCCC1}.Release|x64.Build.0 = Release|Any CPU
		{443CD6AE-EEE7-451A-A5B5-684F9C0BCCC1}.Release|x86.ActiveCfg = Release|Any CPU
		{443CD6AE-EEE7-451A-A5B5-684F9C0BCCC1}.Release|x86.Build.0 = Release|Any CPU
		{B990D7F6-38D0-4157-827D-1FF4522390BF}.Debug|Any CPU.ActiveCfg = Debug|Any CPU
		{B990D7F6-38D0-4157-827D-1FF4522390BF}.Debug|Any CPU.Build.0 = Debug|Any CPU
		{B990D7F6-38D0-4157-827D-1FF4522390BF}.Debug|ARM.ActiveCfg = Debug|Any CPU
		{B990D7F6-38D0-4157-827D-1FF4522390BF}.Debug|ARM.Build.0 = Debug|Any CPU
		{B990D7F6-38D0-4157-827D-1FF4522390BF}.Debug|x64.ActiveCfg = Debug|Any CPU
		{B990D7F6-38D0-4157-827D-1FF4522390BF}.Debug|x64.Build.0 = Debug|Any CPU
		{B990D7F6-38D0-4157-827D-1FF4522390BF}.Debug|x86.ActiveCfg = Debug|Any CPU
		{B990D7F6-38D0-4157-827D-1FF4522390BF}.Debug|x86.Build.0 = Debug|Any CPU
		{B990D7F6-38D0-4157-827D-1FF4522390BF}.Release|Any CPU.ActiveCfg = Release|Any CPU
		{B990D7F6-38D0-4157-827D-1FF4522390BF}.Release|Any CPU.Build.0 = Release|Any CPU
		{B990D7F6-38D0-4157-827D-1FF4522390BF}.Release|ARM.ActiveCfg = Release|Any CPU
		{B990D7F6-38D0-4157-827D-1FF4522390BF}.Release|ARM.Build.0 = Release|Any CPU
		{B990D7F6-38D0-4157-827D-1FF4522390BF}.Release|x64.ActiveCfg = Release|Any CPU
		{B990D7F6-38D0-4157-827D-1FF4522390BF}.Release|x64.Build.0 = Release|Any CPU
		{B990D7F6-38D0-4157-827D-1FF4522390BF}.Release|x86.ActiveCfg = Release|Any CPU
		{B990D7F6-38D0-4157-827D-1FF4522390BF}.Release|x86.Build.0 = Release|Any CPU
		{49993079-416F-4C60-BFE4-F945DA5465D4}.Debug|Any CPU.ActiveCfg = Debug|Any CPU
		{49993079-416F-4C60-BFE4-F945DA5465D4}.Debug|Any CPU.Build.0 = Debug|Any CPU
		{49993079-416F-4C60-BFE4-F945DA5465D4}.Debug|ARM.ActiveCfg = Debug|Any CPU
		{49993079-416F-4C60-BFE4-F945DA5465D4}.Debug|ARM.Build.0 = Debug|Any CPU
		{49993079-416F-4C60-BFE4-F945DA5465D4}.Debug|x64.ActiveCfg = Debug|Any CPU
		{49993079-416F-4C60-BFE4-F945DA5465D4}.Debug|x64.Build.0 = Debug|Any CPU
		{49993079-416F-4C60-BFE4-F945DA5465D4}.Debug|x86.ActiveCfg = Debug|Any CPU
		{49993079-416F-4C60-BFE4-F945DA5465D4}.Debug|x86.Build.0 = Debug|Any CPU
		{49993079-416F-4C60-BFE4-F945DA5465D4}.Release|Any CPU.ActiveCfg = Release|Any CPU
		{49993079-416F-4C60-BFE4-F945DA5465D4}.Release|Any CPU.Build.0 = Release|Any CPU
		{49993079-416F-4C60-BFE4-F945DA5465D4}.Release|ARM.ActiveCfg = Release|Any CPU
		{49993079-416F-4C60-BFE4-F945DA5465D4}.Release|ARM.Build.0 = Release|Any CPU
		{49993079-416F-4C60-BFE4-F945DA5465D4}.Release|x64.ActiveCfg = Release|Any CPU
		{49993079-416F-4C60-BFE4-F945DA5465D4}.Release|x64.Build.0 = Release|Any CPU
		{49993079-416F-4C60-BFE4-F945DA5465D4}.Release|x86.ActiveCfg = Release|Any CPU
		{49993079-416F-4C60-BFE4-F945DA5465D4}.Release|x86.Build.0 = Release|Any CPU
		{6936D10E-277F-4B73-AD38-683D523C6C1B}.Debug|Any CPU.ActiveCfg = Debug|Any CPU
		{6936D10E-277F-4B73-AD38-683D523C6C1B}.Debug|Any CPU.Build.0 = Debug|Any CPU
		{6936D10E-277F-4B73-AD38-683D523C6C1B}.Debug|ARM.ActiveCfg = Debug|Any CPU
		{6936D10E-277F-4B73-AD38-683D523C6C1B}.Debug|ARM.Build.0 = Debug|Any CPU
		{6936D10E-277F-4B73-AD38-683D523C6C1B}.Debug|x64.ActiveCfg = Debug|Any CPU
		{6936D10E-277F-4B73-AD38-683D523C6C1B}.Debug|x64.Build.0 = Debug|Any CPU
		{6936D10E-277F-4B73-AD38-683D523C6C1B}.Debug|x86.ActiveCfg = Debug|Any CPU
		{6936D10E-277F-4B73-AD38-683D523C6C1B}.Debug|x86.Build.0 = Debug|Any CPU
		{6936D10E-277F-4B73-AD38-683D523C6C1B}.Release|Any CPU.ActiveCfg = Release|Any CPU
		{6936D10E-277F-4B73-AD38-683D523C6C1B}.Release|Any CPU.Build.0 = Release|Any CPU
		{6936D10E-277F-4B73-AD38-683D523C6C1B}.Release|ARM.ActiveCfg = Release|Any CPU
		{6936D10E-277F-4B73-AD38-683D523C6C1B}.Release|ARM.Build.0 = Release|Any CPU
		{6936D10E-277F-4B73-AD38-683D523C6C1B}.Release|x64.ActiveCfg = Release|Any CPU
		{6936D10E-277F-4B73-AD38-683D523C6C1B}.Release|x64.Build.0 = Release|Any CPU
		{6936D10E-277F-4B73-AD38-683D523C6C1B}.Release|x86.ActiveCfg = Release|Any CPU
		{6936D10E-277F-4B73-AD38-683D523C6C1B}.Release|x86.Build.0 = Release|Any CPU
		{E94FF6B7-F3EB-4664-A2D3-2B2ADCA439D2}.Debug|Any CPU.ActiveCfg = Debug|Win32
		{E94FF6B7-F3EB-4664-A2D3-2B2ADCA439D2}.Debug|Any CPU.Build.0 = Debug|Win32
		{E94FF6B7-F3EB-4664-A2D3-2B2ADCA439D2}.Debug|ARM.ActiveCfg = Debug|Win32
		{E94FF6B7-F3EB-4664-A2D3-2B2ADCA439D2}.Debug|x64.ActiveCfg = Debug|x64
		{E94FF6B7-F3EB-4664-A2D3-2B2ADCA439D2}.Debug|x64.Build.0 = Debug|x64
		{E94FF6B7-F3EB-4664-A2D3-2B2ADCA439D2}.Debug|x86.ActiveCfg = Debug|Win32
		{E94FF6B7-F3EB-4664-A2D3-2B2ADCA439D2}.Debug|x86.Build.0 = Debug|Win32
		{E94FF6B7-F3EB-4664-A2D3-2B2ADCA439D2}.Release|Any CPU.ActiveCfg = Release|Win32
		{E94FF6B7-F3EB-4664-A2D3-2B2ADCA439D2}.Release|ARM.ActiveCfg = Release|Win32
		{E94FF6B7-F3EB-4664-A2D3-2B2ADCA439D2}.Release|x64.ActiveCfg = Release|x64
		{E94FF6B7-F3EB-4664-A2D3-2B2ADCA439D2}.Release|x64.Build.0 = Release|x64
		{E94FF6B7-F3EB-4664-A2D3-2B2ADCA439D2}.Release|x86.ActiveCfg = Release|Win32
		{E94FF6B7-F3EB-4664-A2D3-2B2ADCA439D2}.Release|x86.Build.0 = Release|Win32
		{AF2BEB8C-A6AE-4BDE-86C0-227BB8505439}.Debug|Any CPU.ActiveCfg = Debug|Any CPU
		{AF2BEB8C-A6AE-4BDE-86C0-227BB8505439}.Debug|Any CPU.Build.0 = Debug|Any CPU
		{AF2BEB8C-A6AE-4BDE-86C0-227BB8505439}.Debug|ARM.ActiveCfg = Debug|Any CPU
		{AF2BEB8C-A6AE-4BDE-86C0-227BB8505439}.Debug|ARM.Build.0 = Debug|Any CPU
		{AF2BEB8C-A6AE-4BDE-86C0-227BB8505439}.Debug|x64.ActiveCfg = Debug|Any CPU
		{AF2BEB8C-A6AE-4BDE-86C0-227BB8505439}.Debug|x64.Build.0 = Debug|Any CPU
		{AF2BEB8C-A6AE-4BDE-86C0-227BB8505439}.Debug|x86.ActiveCfg = Debug|Any CPU
		{AF2BEB8C-A6AE-4BDE-86C0-227BB8505439}.Debug|x86.Build.0 = Debug|Any CPU
		{AF2BEB8C-A6AE-4BDE-86C0-227BB8505439}.Release|Any CPU.ActiveCfg = Release|Any CPU
		{AF2BEB8C-A6AE-4BDE-86C0-227BB8505439}.Release|Any CPU.Build.0 = Release|Any CPU
		{AF2BEB8C-A6AE-4BDE-86C0-227BB8505439}.Release|ARM.ActiveCfg = Release|Any CPU
		{AF2BEB8C-A6AE-4BDE-86C0-227BB8505439}.Release|ARM.Build.0 = Release|Any CPU
		{AF2BEB8C-A6AE-4BDE-86C0-227BB8505439}.Release|x64.ActiveCfg = Release|Any CPU
		{AF2BEB8C-A6AE-4BDE-86C0-227BB8505439}.Release|x64.Build.0 = Release|Any CPU
		{AF2BEB8C-A6AE-4BDE-86C0-227BB8505439}.Release|x86.ActiveCfg = Release|Any CPU
		{AF2BEB8C-A6AE-4BDE-86C0-227BB8505439}.Release|x86.Build.0 = Release|Any CPU
		{1469755F-5960-4647-806C-5744E497F7D8}.Debug|Any CPU.ActiveCfg = Debug|Any CPU
		{1469755F-5960-4647-806C-5744E497F7D8}.Debug|Any CPU.Build.0 = Debug|Any CPU
		{1469755F-5960-4647-806C-5744E497F7D8}.Debug|ARM.ActiveCfg = Debug|Any CPU
		{1469755F-5960-4647-806C-5744E497F7D8}.Debug|ARM.Build.0 = Debug|Any CPU
		{1469755F-5960-4647-806C-5744E497F7D8}.Debug|x64.ActiveCfg = Debug|Any CPU
		{1469755F-5960-4647-806C-5744E497F7D8}.Debug|x64.Build.0 = Debug|Any CPU
		{1469755F-5960-4647-806C-5744E497F7D8}.Debug|x86.ActiveCfg = Debug|Any CPU
		{1469755F-5960-4647-806C-5744E497F7D8}.Debug|x86.Build.0 = Debug|Any CPU
		{1469755F-5960-4647-806C-5744E497F7D8}.Release|Any CPU.ActiveCfg = Release|Any CPU
		{1469755F-5960-4647-806C-5744E497F7D8}.Release|Any CPU.Build.0 = Release|Any CPU
		{1469755F-5960-4647-806C-5744E497F7D8}.Release|ARM.ActiveCfg = Release|Any CPU
		{1469755F-5960-4647-806C-5744E497F7D8}.Release|ARM.Build.0 = Release|Any CPU
		{1469755F-5960-4647-806C-5744E497F7D8}.Release|x64.ActiveCfg = Release|Any CPU
		{1469755F-5960-4647-806C-5744E497F7D8}.Release|x64.Build.0 = Release|Any CPU
		{1469755F-5960-4647-806C-5744E497F7D8}.Release|x86.ActiveCfg = Release|Any CPU
		{1469755F-5960-4647-806C-5744E497F7D8}.Release|x86.Build.0 = Release|Any CPU
	EndGlobalSection
	GlobalSection(SolutionProperties) = preSolution
		HideSolutionNode = FALSE
	EndGlobalSection
EndGlobal
