
Microsoft Visual Studio Solution File, Format Version 12.00
# Visual Studio 15
VisualStudioVersion = 15.0.25618.0
MinimumVisualStudioVersion = 10.0.40219.1
Project("{FAE04EC0-301F-11D3-BF4B-00C04F79EFBC}") = "SRFS.IO", "SRFS.IO\SRFS.IO.csproj", "{9908B8E2-3202-437E-ADCF-3DB94C81A2B6}"
EndProject
Project("{FAE04EC0-301F-11D3-BF4B-00C04F79EFBC}") = "Blocks.Windows", "Blocks.Windows\Blocks.Windows.csproj", "{63C2F819-55B1-4E94-98D8-2E91C41D857A}"
EndProject
Project("{FAE04EC0-301F-11D3-BF4B-00C04F79EFBC}") = "SRFS.Model", "SRFS.Model\SRFS.Model.csproj", "{A6833BEF-FE1E-43AC-923D-7ABF4871C566}"
EndProject
Global
	GlobalSection(SolutionConfigurationPlatforms) = preSolution
		Debug|Any CPU = Debug|Any CPU
		Release|Any CPU = Release|Any CPU
	EndGlobalSection
	GlobalSection(ProjectConfigurationPlatforms) = postSolution
		{9908B8E2-3202-437E-ADCF-3DB94C81A2B6}.Debug|Any CPU.ActiveCfg = Debug|Any CPU
		{9908B8E2-3202-437E-ADCF-3DB94C81A2B6}.Debug|Any CPU.Build.0 = Debug|Any CPU
		{9908B8E2-3202-437E-ADCF-3DB94C81A2B6}.Release|Any CPU.ActiveCfg = Release|Any CPU
		{9908B8E2-3202-437E-ADCF-3DB94C81A2B6}.Release|Any CPU.Build.0 = Release|Any CPU
		{63C2F819-55B1-4E94-98D8-2E91C41D857A}.Debug|Any CPU.ActiveCfg = Debug|Any CPU
		{63C2F819-55B1-4E94-98D8-2E91C41D857A}.Debug|Any CPU.Build.0 = Debug|Any CPU
		{63C2F819-55B1-4E94-98D8-2E91C41D857A}.Release|Any CPU.ActiveCfg = Release|Any CPU
		{63C2F819-55B1-4E94-98D8-2E91C41D857A}.Release|Any CPU.Build.0 = Release|Any CPU
		{A6833BEF-FE1E-43AC-923D-7ABF4871C566}.Debug|Any CPU.ActiveCfg = Debug|Any CPU
		{A6833BEF-FE1E-43AC-923D-7ABF4871C566}.Debug|Any CPU.Build.0 = Debug|Any CPU
		{A6833BEF-FE1E-43AC-923D-7ABF4871C566}.Release|Any CPU.ActiveCfg = Release|Any CPU
		{A6833BEF-FE1E-43AC-923D-7ABF4871C566}.Release|Any CPU.Build.0 = Release|Any CPU
	EndGlobalSection
	GlobalSection(SolutionProperties) = preSolution
		HideSolutionNode = FALSE
	EndGlobalSection
EndGlobal
